
Microsoft Visual Studio Solution File, Format Version 12.00
# Visual Studio Version 16
VisualStudioVersion = 16.0.31402.337
MinimumVisualStudioVersion = 10.0.40219.1
Project("{FAE04EC0-301F-11D3-BF4B-00C04F79EFBC}") = "MVVMTutorial", "MVVMTutorial\MVVMTutorial.csproj", "{FA5A88DE-7E1B-496B-AECF-7278E9356C75}"
EndProject
Global
	GlobalSection(SolutionConfigurationPlatforms) = preSolution
		Debug|Any CPU = Debug|Any CPU
		Release|Any CPU = Release|Any CPU
	EndGlobalSection
	GlobalSection(ProjectConfigurationPlatforms) = postSolution
		{FA5A88DE-7E1B-496B-AECF-7278E9356C75}.Debug|Any CPU.ActiveCfg = Debug|Any CPU
		{FA5A88DE-7E1B-496B-AECF-7278E9356C75}.Debug|Any CPU.Build.0 = Debug|Any CPU
		{FA5A88DE-7E1B-496B-AECF-7278E9356C75}.Release|Any CPU.ActiveCfg = Release|Any CPU
		{FA5A88DE-7E1B-496B-AECF-7278E9356C75}.Release|Any CPU.Build.0 = Release|Any CPU
	EndGlobalSection
	GlobalSection(SolutionProperties) = preSolution
		HideSolutionNode = FALSE
	EndGlobalSection
	GlobalSection(ExtensibilityGlobals) = postSolution
		SolutionGuid = {9A5CC7E5-2B9C-461A-BE8B-4E9B4C75CD34}
	EndGlobalSection
EndGlobal
